
Microsoft Visual Studio Solution File, Format Version 12.00
Project("{FAE04EC0-301F-11D3-BF4B-00C04F79EFBC}") = "AdvendOfCode2025", "AdvendOfCode2025\AdvendOfCode2025.csproj", "{59F1155C-FD4E-4FD1-9B60-F1854F5B82CF}"
EndProject
Global
	GlobalSection(SolutionConfigurationPlatforms) = preSolution
		Debug|Any CPU = Debug|Any CPU
		Release|Any CPU = Release|Any CPU
	EndGlobalSection
	GlobalSection(ProjectConfigurationPlatforms) = postSolution
		{59F1155C-FD4E-4FD1-9B60-F1854F5B82CF}.Debug|Any CPU.ActiveCfg = Debug|Any CPU
		{59F1155C-FD4E-4FD1-9B60-F1854F5B82CF}.Debug|Any CPU.Build.0 = Debug|Any CPU
		{59F1155C-FD4E-4FD1-9B60-F1854F5B82CF}.Release|Any CPU.ActiveCfg = Release|Any CPU
		{59F1155C-FD4E-4FD1-9B60-F1854F5B82CF}.Release|Any CPU.Build.0 = Release|Any CPU
	EndGlobalSection
EndGlobal
